# Generated by conda-lock.
# platform: linux-aarch64
# input_hash: d9299dde037183b216a6ace090b17c62af648b40700c3156c7044d90ea56ace2
@EXPLICIT
https://conda.anaconda.org/conda-forge/linux-aarch64/ca-certificates-2022.12.7-h4fd8a4c_0.conda#2450fbcaf65634e0d071e47e2b8487b4
https://conda.anaconda.org/conda-forge/noarch/fenics-ufcx-0.6.0-h56297ac_0.conda#6424710417c308e1e5a711de04e7b4cb
https://conda.anaconda.org/conda-forge/noarch/kernel-headers_linux-aarch64-4.18.0-h5b4a56d_13.tar.bz2#a9385e5b11a076c40d75915986f498d7
https://conda.anaconda.org/conda-forge/linux-aarch64/ld_impl_linux-aarch64-2.39-h16cd69b_1.conda#9daf385ebefaea92087d3a315e398964
https://conda.anaconda.org/conda-forge/linux-aarch64/libgcc-devel_linux-aarch64-10.4.0-h3c6860a_19.tar.bz2#c21b5e540d690c5d2d273ecce320abdf
https://conda.anaconda.org/conda-forge/linux-aarch64/libgfortran5-12.2.0-hf695500_19.tar.bz2#bc890809e1f807b51bf04dfbee70ddf5
https://conda.anaconda.org/conda-forge/linux-aarch64/libgomp-12.2.0-h607ecd0_19.tar.bz2#65b9cb876525dcb2e74a90cf02c6762a
https://conda.anaconda.org/conda-forge/linux-aarch64/libstdcxx-devel_linux-aarch64-10.4.0-h3c6860a_19.tar.bz2#13653671982305e902550ee81b69349d
https://conda.anaconda.org/conda-forge/linux-aarch64/libstdcxx-ng-12.2.0-hc13a102_19.tar.bz2#981741cd4321edd5c504b48f74fe91f2
https://conda.anaconda.org/conda-forge/linux-aarch64/mpi-1.0-mpich.tar.bz2#1790efddf50f955b474e9ad2f7f566ec
https://conda.anaconda.org/conda-forge/linux-aarch64/mumps-include-5.2.1-h8af1aa0_11.tar.bz2#7dbd622c32525d81a90c9c54a42e18a0
https://conda.anaconda.org/conda-forge/linux-aarch64/pandoc-2.19.2-h8af1aa0_2.conda#210300d4fbbc7935c22d0e5281665dd4
https://conda.anaconda.org/conda-forge/linux-aarch64/python_abi-3.10-3_cp310.conda#7f4f00b03d3a7c4d4b8b987e5da461a9
https://conda.anaconda.org/conda-forge/noarch/tzdata-2023c-h71feb2d_0.conda#939e3e74d8be4dac89ce83b20de2492a
https://conda.anaconda.org/conda-forge/linux-aarch64/_openmp_mutex-4.5-2_gnu.tar.bz2#6168d71addc746e8f2b8d57dfd2edcea
https://conda.anaconda.org/conda-forge/linux-aarch64/libgfortran-ng-12.2.0-he9431aa_19.tar.bz2#b5b34211bbf681bd3e7a5a4d80cce77b
https://conda.anaconda.org/conda-forge/noarch/sysroot_linux-aarch64-2.17-h43d7e78_13.tar.bz2#6d8f1fd1e675ba478041892112887949
https://conda.anaconda.org/conda-forge/linux-aarch64/binutils_impl_linux-aarch64-2.39-h48546ad_1.conda#74724e155402aa2391b99fe919b6af17
https://conda.anaconda.org/conda-forge/linux-aarch64/libgcc-ng-12.2.0-h607ecd0_19.tar.bz2#8456a29b6d9fc3123ccb9a966b6b2c49
https://conda.anaconda.org/conda-forge/linux-aarch64/binutils_linux-aarch64-2.39-h489c705_12.conda#b6dfe2f169801ddd2a9aa8c155e9207e
https://conda.anaconda.org/conda-forge/linux-aarch64/bzip2-1.0.8-hf897c2e_4.tar.bz2#2d787570a729e273a4e75775ddf3348a
https://conda.anaconda.org/conda-forge/linux-aarch64/c-ares-1.18.1-hf897c2e_0.tar.bz2#12c54b174dd7c6a9331e729d24c39515
https://conda.anaconda.org/conda-forge/linux-aarch64/gmp-6.2.1-h7fd3ca4_0.tar.bz2#785747e1f00cfc37b3c95ffbada92591
https://conda.anaconda.org/conda-forge/linux-aarch64/icu-72.1-hcf00150_0.conda#cd394213b2f8c9c9060a293a8508fe84
https://conda.anaconda.org/conda-forge/linux-aarch64/keyutils-1.6.1-h4e544f5_0.tar.bz2#1f24853e59c68892452ef94ddd8afd4b
https://conda.anaconda.org/conda-forge/linux-aarch64/lerc-4.0.0-h4de3ea5_0.tar.bz2#1a0ffc65e03ce81559dbcb0695ad1476
https://conda.anaconda.org/conda-forge/linux-aarch64/libaec-1.0.6-hd600fc2_1.conda#8814c427c93e365cb0b2074db211be3d
https://conda.anaconda.org/conda-forge/linux-aarch64/libbrotlicommon-1.0.9-h4e544f5_8.tar.bz2#3cedc3935cfaa2a5303daa25fb12cb1d
https://conda.anaconda.org/conda-forge/linux-aarch64/libdeflate-1.18-hb4cce97_0.conda#e0d520842c0ae66b560cc65f9b96f658
https://conda.anaconda.org/conda-forge/linux-aarch64/libev-4.33-h516909a_1.tar.bz2#9eac5901791494108c9b9ab85ca8aa93
https://conda.anaconda.org/conda-forge/linux-aarch64/libffi-3.4.2-h3557bc0_5.tar.bz2#dddd85f4d52121fab0a8b099c5e06501
https://conda.anaconda.org/conda-forge/linux-aarch64/libiconv-1.17-h9cdd2b7_0.tar.bz2#efc27cfbc82a027f65c02c661832ecfc
https://conda.anaconda.org/conda-forge/linux-aarch64/libjpeg-turbo-2.1.5.1-hb4cce97_0.conda#89a30f83837239a008593afb78d210f2
https://conda.anaconda.org/conda-forge/linux-aarch64/libnsl-2.0.0-hf897c2e_0.tar.bz2#36fdbc05c9d9145ece86f5a63c3f352e
https://conda.anaconda.org/conda-forge/linux-aarch64/libopenblas-0.3.21-pthreads_h6cb6f83_3.tar.bz2#bc66302748a788c3bce59999ed6d737d
https://conda.anaconda.org/conda-forge/linux-aarch64/libsanitizer-10.4.0-h0e20637_19.tar.bz2#f85a18d33970bc60b7b5df0e451ba3cc
https://conda.anaconda.org/conda-forge/linux-aarch64/libsodium-1.0.18-hb9de7d4_1.tar.bz2#d09ab3c60eebb6f14eb4d07e172775cc
https://conda.anaconda.org/conda-forge/linux-aarch64/libuuid-2.38.1-hb4cce97_0.conda#000e30b09db0b7c775b21695dff30969
https://conda.anaconda.org/conda-forge/linux-aarch64/libwebp-base-1.3.0-hb4cce97_0.conda#53670eaee6d77d9fe60a84f7fd226a4c
https://conda.anaconda.org/conda-forge/linux-aarch64/libzlib-1.2.13-h4e544f5_4.tar.bz2#88596b6277fe6d39f046983aae6044db
https://conda.anaconda.org/conda-forge/linux-aarch64/lz4-c-1.9.4-hd600fc2_0.conda#500145a83ed07ce79c8cef24252f366b
https://conda.anaconda.org/conda-forge/linux-aarch64/metis-5.1.0-h7fd3ca4_1006.tar.bz2#b77d9a8e527e127eadf5bfdf909657a8
https://conda.anaconda.org/conda-forge/linux-aarch64/mpich-4.0.3-h26b3c96_100.tar.bz2#9a44d65b17dfd9848ee2a1fcd86558ab
https://conda.anaconda.org/conda-forge/linux-aarch64/ncurses-6.3-headf329_1.tar.bz2#486b68148e121bc8bbadc3cefae4c04f
https://conda.anaconda.org/conda-forge/linux-aarch64/openssl-3.1.0-hb4cce97_0.conda#bee9334d1f911b1e05aee5bfcc82f04b
https://conda.anaconda.org/conda-forge/linux-aarch64/pthread-stubs-0.4-hb9de7d4_1001.tar.bz2#d0183ec6ce0b5aaa3486df25fa5f0ded
https://conda.anaconda.org/conda-forge/linux-aarch64/pugixml-1.11.4-h01db608_0.tar.bz2#6e6d498e0834be933809af0439012669
https://conda.anaconda.org/conda-forge/linux-aarch64/snappy-1.1.10-he8610fa_0.conda#11c25e55894bb8207a81a87e6a32b6e7
https://conda.anaconda.org/conda-forge/linux-aarch64/xorg-libxau-1.0.9-h3557bc0_0.tar.bz2#e0c187f5ce240897762bbb89a8a407cc
https://conda.anaconda.org/conda-forge/linux-aarch64/xorg-libxdmcp-1.1.3-h3557bc0_0.tar.bz2#a6c9016ae1ca5c47a3603ed4cd65fedd
https://conda.anaconda.org/conda-forge/linux-aarch64/xz-5.2.6-h9cdd2b7_0.tar.bz2#83baad393a31d59c20b63ba4da6592df
https://conda.anaconda.org/conda-forge/linux-aarch64/yaml-0.2.5-hf897c2e_2.tar.bz2#b853307650cb226731f653aa623936a4
https://conda.anaconda.org/conda-forge/linux-aarch64/zfp-0.5.5-h01db608_8.tar.bz2#d17e70e2a667006cdc693597ca771b70
https://conda.anaconda.org/conda-forge/linux-aarch64/fftw-3.3.10-mpi_mpich_h4c73aa7_7.conda#d402dfe0907eb6c3a892f36b9c4da941
https://conda.anaconda.org/conda-forge/linux-aarch64/gcc_impl_linux-aarch64-10.4.0-h9569200_19.tar.bz2#a14f89713a08d6698e0d8f2db4e1eebc
https://conda.anaconda.org/conda-forge/linux-aarch64/libblas-3.9.0-16_linuxaarch64_openblas.tar.bz2#188f02883567d5b7f96c7aa12e7007c9
https://conda.anaconda.org/conda-forge/linux-aarch64/libbrotlidec-1.0.9-h4e544f5_8.tar.bz2#319956380b383ec9f6a46d585599c028
https://conda.anaconda.org/conda-forge/linux-aarch64/libbrotlienc-1.0.9-h4e544f5_8.tar.bz2#56a0a025208af24e2b43b2bbeee79802
https://conda.anaconda.org/conda-forge/linux-aarch64/libedit-3.1.20191231-he28a2e2_2.tar.bz2#29371161d77933a54fccf1bb66b96529
https://conda.anaconda.org/conda-forge/linux-aarch64/libnghttp2-1.52.0-h250e5c5_0.conda#bfacd7a58ed56ff30d9454d32513d8d3
https://conda.anaconda.org/conda-forge/linux-aarch64/libpng-1.6.39-hf9034f9_0.conda#5ec9052384a6ac85e9111e9ac7c5ec4c
https://conda.anaconda.org/conda-forge/linux-aarch64/libsqlite-3.40.0-hf9034f9_0.tar.bz2#9afb0d5dbaa403858a660cd0b4a31d29
https://conda.anaconda.org/conda-forge/linux-aarch64/libssh2-1.10.0-he5a64b1_3.tar.bz2#97a05afae73dc8939078f44732534a47
https://conda.anaconda.org/conda-forge/linux-aarch64/libxcb-1.13-h3557bc0_1004.tar.bz2#cc973f5f452272c397546eac588cddb3
https://conda.anaconda.org/conda-forge/linux-aarch64/libxml2-2.10.3-h430b14f_6.conda#22780fb7524c372d40893a4888531693
https://conda.anaconda.org/conda-forge/linux-aarch64/mpfr-4.2.0-h96f194b_0.conda#fb213fbc9cf6737c3a929073150b87f0
https://conda.anaconda.org/conda-forge/linux-aarch64/parmetis-4.0.3-h679c2f0_1005.tar.bz2#b34a5c21331032c944a46585e14aa5dd
https://conda.anaconda.org/conda-forge/linux-aarch64/readline-8.2-h8fc344f_1.conda#105eb1e16bf83bfb2eb380a48032b655
https://conda.anaconda.org/conda-forge/linux-aarch64/tk-8.6.12-hd8af866_0.tar.bz2#7894e82ff743bd96c76585ddebe28e2a
https://conda.anaconda.org/conda-forge/linux-aarch64/zeromq-4.3.4-h01db608_1.tar.bz2#dd56c9ce3f1f689a5e71941830349279
https://conda.anaconda.org/conda-forge/linux-aarch64/zlib-1.2.13-h4e544f5_4.tar.bz2#dc8395f4a79bb0b13ca7d855c72482d4
https://conda.anaconda.org/conda-forge/linux-aarch64/zstd-1.5.2-h44f6412_6.conda#6d0d1cd6d184129eabb96bb220afb5b2
https://conda.anaconda.org/conda-forge/linux-aarch64/blosc-1.21.3-h9515e8b_0.conda#9f6314e8dd0c95297b91e66567875e45
https://conda.anaconda.org/conda-forge/linux-aarch64/boost-cpp-1.78.0-h4d13eab_3.conda#7a3cf86c6c231342adfcd95181e5e6b7
https://conda.anaconda.org/conda-forge/linux-aarch64/brotli-bin-1.0.9-h4e544f5_8.tar.bz2#0980429a0148a53edd0f1f207ec28a39
https://conda.anaconda.org/conda-forge/linux-aarch64/freetype-2.12.1-hbbbf32d_1.conda#e0891290982420d67651589c8584eec3
https://conda.anaconda.org/conda-forge/linux-aarch64/gcc_linux-aarch64-10.4.0-h72ad2ee_12.conda#7b784193f0b1caeaba15c4038259d13e
https://conda.anaconda.org/conda-forge/linux-aarch64/gxx_impl_linux-aarch64-10.4.0-h9569200_19.tar.bz2#e4961cdc774257347d6398ea6dd26f5f
https://conda.anaconda.org/conda-forge/linux-aarch64/krb5-1.20.1-h113d92e_0.conda#c0ac34c76019d6ebfef2d47a5687459c
https://conda.anaconda.org/conda-forge/linux-aarch64/libcblas-3.9.0-16_linuxaarch64_openblas.tar.bz2#520a3ecbebc63239c27dd6f70c2ababe
https://conda.anaconda.org/conda-forge/linux-aarch64/libhwloc-2.9.0-h21e8147_0.conda#5963454fd520812de45d20d301cdb5fa
https://conda.anaconda.org/conda-forge/linux-aarch64/liblapack-3.9.0-16_linuxaarch64_openblas.tar.bz2#62990b2d1efc22d0beb394e893d39541
https://conda.anaconda.org/conda-forge/linux-aarch64/libtiff-4.5.0-h536c0eb_6.conda#75a0916176030b99c03ca2ecfe961128
https://conda.anaconda.org/conda-forge/linux-aarch64/python-3.10.10-ha43d526_0_cpython.conda#1e9b20478f1c2edffbcf2a40442dc31c
https://conda.anaconda.org/conda-forge/linux-aarch64/scotch-6.0.9-h07b6642_2.tar.bz2#1188278a5d5d65ffa9682997238cdc28
https://conda.anaconda.org/conda-forge/noarch/aiofiles-22.1.0-pyhd8ed1ab_0.tar.bz2#a88c206fdb78e34adb1c4081f5f838dd
https://conda.anaconda.org/conda-forge/noarch/alabaster-0.7.13-pyhd8ed1ab_0.conda#06006184e203b61d3525f90de394471e
https://conda.anaconda.org/conda-forge/noarch/appnope-0.1.3-pyhd8ed1ab_0.tar.bz2#54ac328d703bff191256ffa1183126d1
https://conda.anaconda.org/conda-forge/noarch/attrs-21.4.0-pyhd8ed1ab_0.tar.bz2#f70280205d7044c8b8358c8de3190e5d
https://conda.anaconda.org/conda-forge/noarch/backcall-0.2.0-pyh9f0ad1d_0.tar.bz2#6006a6d08a3fa99268a2681c7fb55213
https://conda.anaconda.org/conda-forge/noarch/backports-1.0-pyhd8ed1ab_3.conda#54ca2e08b3220c148a1d8329c2678e02
https://conda.anaconda.org/conda-forge/linux-aarch64/brotli-1.0.9-h4e544f5_8.tar.bz2#259d82bd990ba225508389509634b157
https://conda.anaconda.org/conda-forge/noarch/certifi-2022.12.7-pyhd8ed1ab_0.conda#fb9addc3db06e56abe03e0e9f21a63e6
https://conda.anaconda.org/conda-forge/noarch/charset-normalizer-3.1.0-pyhd8ed1ab_0.conda#7fcff9f6f123696e940bda77bd4d6551
https://conda.anaconda.org/conda-forge/noarch/click-8.1.3-unix_pyhd8ed1ab_2.tar.bz2#20e4087407c7cb04a40817114b333dbf
https://conda.anaconda.org/conda-forge/noarch/colorama-0.4.6-pyhd8ed1ab_0.tar.bz2#3faab06a954c2a04039983f2c4a50d99
https://conda.anaconda.org/conda-forge/noarch/cycler-0.11.0-pyhd8ed1ab_0.tar.bz2#a50559fad0affdbb33729a68669ca1cb
https://conda.anaconda.org/conda-forge/noarch/dataclasses-0.8-pyhc8e2a94_3.tar.bz2#a362b2124b06aad102e2ee4581acee7d
https://conda.anaconda.org/conda-forge/linux-aarch64/debugpy-1.6.7-py310hbc44c02_0.conda#c1165f6a0ddad580f0c5918e67208cfa
https://conda.anaconda.org/conda-forge/noarch/decorator-5.1.1-pyhd8ed1ab_0.tar.bz2#43afe5ab04e35e17ba28649471dd7364
https://conda.anaconda.org/conda-forge/noarch/defusedxml-0.7.1-pyhd8ed1ab_0.tar.bz2#961b3a227b437d82ad7054484cfa71b2
https://conda.anaconda.org/conda-forge/linux-aarch64/docutils-0.17.1-py310hbbe02a8_3.tar.bz2#9c359391e0c069ead0c0863a6cc4cbc1
https://conda.anaconda.org/conda-forge/noarch/entrypoints-0.4-pyhd8ed1ab_0.tar.bz2#3cf04868fee0a029769bd41f4b2fbf2d
https://conda.anaconda.org/conda-forge/noarch/executing-1.2.0-pyhd8ed1ab_0.tar.bz2#4c1bc140e2be5c8ba6e3acab99e25c50
https://conda.anaconda.org/conda-forge/linux-aarch64/fenics-libbasix-0.6.0-h4018f84_0.conda#227b4ed1b68d1a7d0dfa5b94399dca28
https://conda.anaconda.org/conda-forge/noarch/flit-core-3.8.0-pyhd8ed1ab_0.tar.bz2#6d5e56de2e65da7aa35fd10131226efa
https://conda.anaconda.org/conda-forge/linux-aarch64/greenlet-2.0.2-py310hbc44c02_0.conda#805225e56b95d1cca7f990d99c358bdc
https://conda.anaconda.org/conda-forge/linux-aarch64/gxx_linux-aarch64-10.4.0-hb08d869_12.conda#62882f5db6fd05b49ef67a2a5f660a84
https://conda.anaconda.org/conda-forge/linux-aarch64/hypre-2.25.0-mpi_mpich_h59cf75a_0.tar.bz2#b3e9b45fe22bc9fcde4872e5c3e912f5
https://conda.anaconda.org/conda-forge/noarch/idna-3.4-pyhd8ed1ab_0.tar.bz2#34272b248891bddccc64479f9a7fffed
https://conda.anaconda.org/conda-forge/noarch/imagesize-1.4.1-pyhd8ed1ab_0.tar.bz2#7de5386c8fea29e76b303f37dde4c352
https://conda.anaconda.org/conda-forge/noarch/ipython_genutils-0.2.0-py_1.tar.bz2#5071c982548b3a20caf70462f04f5287
https://conda.anaconda.org/conda-forge/noarch/json5-0.9.5-pyh9f0ad1d_0.tar.bz2#10759827a94e6b14996e81fb002c0bda
https://conda.anaconda.org/conda-forge/noarch/jupyterlab_widgets-3.0.7-pyhd8ed1ab_0.conda#1f39269ab88d1342c3e32935759e606a
https://conda.anaconda.org/conda-forge/linux-aarch64/kiwisolver-1.4.4-py310h9ceb0a0_1.tar.bz2#9e62380cc42f79687b3c1d1d6b78c227
https://conda.anaconda.org/conda-forge/linux-aarch64/lcms2-2.15-h3e0bdec_1.conda#5d6c6a9042e2316cec7410dd085814d1
https://conda.anaconda.org/conda-forge/linux-aarch64/libcurl-7.88.1-h6ad7c7a_1.conda#172d3880ba618438169c0bf3d11b5fee
https://conda.anaconda.org/conda-forge/linux-aarch64/markupsafe-2.1.2-py310h734f5e8_0.conda#e511c7fb8abad744ecbf1dee01603cde
https://conda.anaconda.org/conda-forge/noarch/mdurl-0.1.0-pyhd8ed1ab_0.tar.bz2#f8dab71fdc13b1bf29a01248b156d268
https://conda.anaconda.org/conda-forge/noarch/mistune-2.0.5-pyhd8ed1ab_0.conda#61a07195cfc935f1c1901d8ecf4af441
https://conda.anaconda.org/conda-forge/linux-aarch64/mpi4py-3.1.4-py310h6187c17_0.tar.bz2#6f11dc30ea969066decf0b88a45eb7e6
https://conda.anaconda.org/conda-forge/noarch/munkres-1.1.4-pyh9f0ad1d_0.tar.bz2#2ba8498c1018c1e9c61eb99b973dfe19
https://conda.anaconda.org/conda-forge/noarch/nest-asyncio-1.5.6-pyhd8ed1ab_0.tar.bz2#7b868f21adde0d9b8b38f9c16836589b
https://conda.anaconda.org/conda-forge/linux-aarch64/numpy-1.24.2-py310ha54f743_0.conda#ee654cca5cb044537498b09715da313a
https://conda.anaconda.org/conda-forge/linux-aarch64/openjpeg-2.5.0-h9508984_2.conda#3d56d402a845c243f8c2dd3c8e836029
https://conda.anaconda.org/conda-forge/noarch/packaging-23.0-pyhd8ed1ab_0.conda#1ff2e3ca41f0ce16afec7190db28288b
https://conda.anaconda.org/conda-forge/noarch/pandocfilters-1.5.0-pyhd8ed1ab_0.tar.bz2#457c2c8c08e54905d6954e79cb5b5db9
https://conda.anaconda.org/conda-forge/noarch/parso-0.8.3-pyhd8ed1ab_0.tar.bz2#17a565a0c3899244e938cdf417e7b094
https://conda.anaconda.org/conda-forge/noarch/pickleshare-0.7.5-py_1003.tar.bz2#415f0ebb6198cc2801c73438a9fb5761
https://conda.anaconda.org/conda-forge/noarch/pkgutil-resolve-name-1.3.10-pyhd8ed1ab_0.tar.bz2#89e3c7cdde7d3aaa2aee933b604dd07f
https://conda.anaconda.org/conda-forge/noarch/prometheus_client-0.16.0-pyhd8ed1ab_0.conda#8efaddc1c8b8ce262c4d1a7c6571c799
https://conda.anaconda.org/conda-forge/linux-aarch64/psutil-5.9.4-py310h761cc84_0.tar.bz2#50a75748a7239960359f38a13db42c4c
https://conda.anaconda.org/conda-forge/linux-aarch64/ptscotch-6.0.9-he18ce4a_2.tar.bz2#9110c15957ac965b269ef5e3ee55ca01
https://conda.anaconda.org/conda-forge/noarch/ptyprocess-0.7.0-pyhd3deb0d_0.tar.bz2#359eeb6536da0e687af562ed265ec263
https://conda.anaconda.org/conda-forge/noarch/pure_eval-0.2.2-pyhd8ed1ab_0.tar.bz2#6784285c7e55cb7212efabc79e4c2883
https://conda.anaconda.org/conda-forge/noarch/pycparser-2.21-pyhd8ed1ab_0.tar.bz2#076becd9e05608f8dc72757d5f3a91ff
https://conda.anaconda.org/conda-forge/noarch/pygments-2.15.0-pyhd8ed1ab_0.conda#bd9547b9d70225f536627ac755ce8f56
https://conda.anaconda.org/conda-forge/noarch/pyparsing-3.0.9-pyhd8ed1ab_0.tar.bz2#e8fbc1b54b25f4b08281467bc13b70cc
https://conda.anaconda.org/conda-forge/linux-aarch64/pyrsistent-0.19.3-py310h734f5e8_0.conda#07d93aae0c8d3dedb892b67c9f534587
https://conda.anaconda.org/conda-forge/noarch/pysocks-1.7.1-pyha2e5f31_6.tar.bz2#2a7de29fb590ca14b5243c4c812c8025
https://conda.anaconda.org/conda-forge/noarch/python-fastjsonschema-2.16.3-pyhd8ed1ab_0.conda#7aa330a4d88b7ab891a42c39d5d2e742
https://conda.anaconda.org/conda-forge/noarch/python-json-logger-2.0.7-pyhd8ed1ab_0.conda#a61bf9ec79426938ff785eb69dbb1960
https://conda.anaconda.org/conda-forge/noarch/python-tzdata-2023.3-pyhd8ed1ab_0.conda#2590495f608a63625e165915fb4e2e34
https://conda.anaconda.org/conda-forge/noarch/pytz-2023.3-pyhd8ed1ab_0.conda#d3076b483092a435832603243567bc31
https://conda.anaconda.org/conda-forge/linux-aarch64/pyyaml-6.0-py310h761cc84_5.tar.bz2#5aa98f4974dd17d4b8f146beefb4ab87
https://conda.anaconda.org/conda-forge/linux-aarch64/pyzmq-25.0.2-py310h1438264_0.conda#9584f3990df8b9996e11a57f3d200b0a
https://conda.anaconda.org/conda-forge/noarch/rfc3986-validator-0.1.1-pyh9f0ad1d_0.tar.bz2#912a71cc01012ee38e6b90ddd561e36f
https://conda.anaconda.org/conda-forge/linux-aarch64/scalapack-2.2.0-hf610701_1.tar.bz2#54dfb90ff80052f955439a182d9097aa
https://conda.anaconda.org/conda-forge/noarch/send2trash-1.8.0-pyhd8ed1ab_0.tar.bz2#edab14119efe85c3bf131ad747e9005c
https://conda.anaconda.org/conda-forge/noarch/setuptools-67.6.1-pyhd8ed1ab_0.conda#6c443cccff3daa3d83b2b807b0a298ce
https://conda.anaconda.org/conda-forge/noarch/six-1.16.0-pyh6c4a22f_0.tar.bz2#e5f25f8dbc060e9a8d912e432202afc2
https://conda.anaconda.org/conda-forge/noarch/sniffio-1.3.0-pyhd8ed1ab_0.tar.bz2#dd6cbc539e74cb1f430efbd4575b9303
https://conda.anaconda.org/conda-forge/noarch/snowballstemmer-2.2.0-pyhd8ed1ab_0.tar.bz2#4d22a9315e78c6827f806065957d566e
https://conda.anaconda.org/conda-forge/noarch/soupsieve-2.3.2.post1-pyhd8ed1ab_0.tar.bz2#146f4541d643d48fc8a75cacf69f03ae
https://conda.anaconda.org/conda-forge/noarch/sphinxcontrib-applehelp-1.0.4-pyhd8ed1ab_0.conda#5a31a7d564f551d0e6dff52fd8cb5b16
https://conda.anaconda.org/conda-forge/noarch/sphinxcontrib-devhelp-1.0.2-py_0.tar.bz2#68e01cac9d38d0e717cd5c87bc3d2cc9
https://conda.anaconda.org/conda-forge/noarch/sphinxcontrib-htmlhelp-2.0.1-pyhd8ed1ab_0.conda#6c8c4d6eb2325e59290ac6dbbeacd5f0
https://conda.anaconda.org/conda-forge/noarch/sphinxcontrib-jsmath-1.0.1-py_0.tar.bz2#67cd9d9c0382d37479b4d306c369a2d4
https://conda.anaconda.org/conda-forge/noarch/sphinxcontrib-qthelp-1.0.3-py_0.tar.bz2#d01180388e6d1838c3e1ad029590aa7a
https://conda.anaconda.org/conda-forge/noarch/sphinxcontrib-serializinghtml-1.1.5-pyhd8ed1ab_2.tar.bz2#9ff55a0901cf952f05c654394de76bf7
https://conda.anaconda.org/conda-forge/linux-aarch64/superlu-5.2.2-h4b58547_0.tar.bz2#32ff86b3335def4756143ee4799ca6ce
https://conda.anaconda.org/conda-forge/linux-aarch64/superlu_dist-7.2.0-h4e5a0d3_0.tar.bz2#22f25903d703a5587b321b0005a56aee
https://conda.anaconda.org/conda-forge/noarch/tabulate-0.9.0-pyhd8ed1ab_1.tar.bz2#4759805cce2d914c38472f70bf4d8bcb
https://conda.anaconda.org/conda-forge/linux-aarch64/tbb-2021.8.0-h4c384f3_0.conda#66f51b42e8fc334d8054966db7c7fbc1
https://conda.anaconda.org/conda-forge/noarch/tomli-2.0.1-pyhd8ed1ab_0.tar.bz2#5844808ffab9ebdb694585b50ba02a96
https://conda.anaconda.org/conda-forge/linux-aarch64/tornado-6.2-py310hdc54845_1.tar.bz2#343c5468b69f14f4009cfcf8ae286f98
https://conda.anaconda.org/conda-forge/noarch/traitlets-5.9.0-pyhd8ed1ab_0.conda#d0b4f5c87cd35ac3fb3d47b223263a64
https://conda.anaconda.org/conda-forge/noarch/typing_extensions-4.5.0-pyha770c72_0.conda#43e7d9e50261fb11deb76e17d8431aac
https://conda.anaconda.org/conda-forge/noarch/uc-micro-py-1.0.1-pyhd8ed1ab_0.tar.bz2#3ddf6684d9b274a12c94e509ca45656c
https://conda.anaconda.org/conda-forge/linux-aarch64/unicodedata2-15.0.0-py310h761cc84_0.tar.bz2#c4a1dd40f6fd5f11f8df66fe306cf811
https://conda.anaconda.org/conda-forge/noarch/webencodings-0.5.1-py_1.tar.bz2#3563be4c5611a44210d9ba0c16113136
https://conda.anaconda.org/conda-forge/noarch/websocket-client-1.5.1-pyhd8ed1ab_0.conda#2a914654b9ade742049dab13e29571c6
https://conda.anaconda.org/conda-forge/noarch/widgetsnbextension-4.0.7-pyhd8ed1ab_0.conda#bcc54b91a8ce88f60f538b87b409909e
https://conda.anaconda.org/conda-forge/linux-aarch64/y-py-0.5.9-py310hf87a4cc_0.conda#5ae43d6a9a31426a8c50d4cdcd4a0cda
https://conda.anaconda.org/conda-forge/noarch/zipp-3.15.0-pyhd8ed1ab_0.conda#13018819ca8f5b7cc675a8faf1f5fedf
https://conda.anaconda.org/conda-forge/noarch/accessible-pygments-0.0.4-pyhd8ed1ab_0.conda#46a2e6e3dfa718ce3492018d5a110dd6
https://conda.anaconda.org/conda-forge/noarch/anyio-3.6.2-pyhd8ed1ab_0.tar.bz2#8ada050fa88f26916fc1e76e368a49fd
https://conda.anaconda.org/conda-forge/noarch/asttokens-2.2.1-pyhd8ed1ab_0.conda#bf7f54dd0f25c3f06ecb82a07341841a
https://conda.anaconda.org/conda-forge/noarch/babel-2.12.1-pyhd8ed1ab_1.conda#ac432e732804a81ddcf29c92ead57cde
https://conda.anaconda.org/conda-forge/noarch/backports.functools_lru_cache-1.6.4-pyhd8ed1ab_0.tar.bz2#c5b3edc62d6309088f4970b3eaaa65a6
https://conda.anaconda.org/conda-forge/noarch/beautifulsoup4-4.12.2-pyha770c72_0.conda#a362ff7d976217f8fa78c0f1c4f59717
https://conda.anaconda.org/conda-forge/noarch/bleach-6.0.0-pyhd8ed1ab_0.conda#d48b143d01385872a88ef8417e96c30e
https://conda.anaconda.org/conda-forge/linux-aarch64/cffi-1.15.1-py310hf0c4615_3.conda#a2bedcb1d205485ea32fe5d2bd6fd970
https://conda.anaconda.org/conda-forge/noarch/comm-0.1.3-pyhd8ed1ab_0.conda#168ae0f82cdf7505048e81054c7354e4
https://conda.anaconda.org/conda-forge/linux-aarch64/contourpy-1.0.7-py310h0ca8b9e_0.conda#c8279c9cbd32aabaf137c8edfad37411
https://conda.anaconda.org/conda-forge/linux-aarch64/fenics-basix-0.6.0-py310h0ca8b9e_0.conda#8b3ec870d1ae00745226e89f357d3f9c
https://conda.anaconda.org/conda-forge/noarch/fenics-ufl-2023.1.1-pyhd8ed1ab_1.conda#07040acaab0ab2cc2d173cc762983d58
https://conda.anaconda.org/conda-forge/linux-aarch64/fonttools-4.39.3-py310hb89b984_0.conda#66310e2fcec6144a387793d335e82d2c
https://conda.anaconda.org/conda-forge/linux-aarch64/hdf5-1.12.2-mpi_mpich_hdab57eb_1.conda#09aec64d142992f2441f34f6802fce34
https://conda.anaconda.org/conda-forge/noarch/importlib-metadata-6.3.0-pyha770c72_0.conda#c63decd397ca639c4b17f6ea5d26bd4d
https://conda.anaconda.org/conda-forge/noarch/importlib_resources-5.12.0-pyhd8ed1ab_0.conda#e5fd2260a231ee63b6969f4801082f2b
https://conda.anaconda.org/conda-forge/noarch/jedi-0.18.2-pyhd8ed1ab_0.conda#b5e695ef9c3f0d27d6cd96bf5adc9e07
https://conda.anaconda.org/conda-forge/noarch/jinja2-3.1.2-pyhd8ed1ab_1.tar.bz2#c8490ed5c70966d232fdd389d0dbed37
https://conda.anaconda.org/conda-forge/noarch/jupyterlab_pygments-0.2.2-pyhd8ed1ab_0.tar.bz2#243f63592c8e449f40cd42eb5cf32f40
https://conda.anaconda.org/conda-forge/noarch/latexcodec-2.0.1-pyh9f0ad1d_0.tar.bz2#8d67904973263afd2985ba56aa2d6bb4
https://conda.anaconda.org/conda-forge/noarch/linkify-it-py-2.0.0-pyhd8ed1ab_0.tar.bz2#25b93e66067eb496ac10da888e25cc33
https://conda.anaconda.org/conda-forge/noarch/markdown-it-py-2.2.0-pyhd8ed1ab_0.conda#b2928a6c6d52d7e3562b4a59c3214e3a
https://conda.anaconda.org/conda-forge/noarch/matplotlib-inline-0.1.6-pyhd8ed1ab_0.tar.bz2#b21613793fcc81d944c76c9f2864a7de
https://conda.anaconda.org/conda-forge/linux-aarch64/mpich-mpicxx-4.0.3-h4e544f5_100.tar.bz2#565929b689015677b67ee53eb59017fb
https://conda.anaconda.org/conda-forge/linux-aarch64/mumps-mpi-5.2.1-hf302962_11.tar.bz2#85c3149f51a1d6b9a7a4ec98a8c5d96d
https://conda.anaconda.org/conda-forge/noarch/pexpect-4.8.0-pyh1a96a4e_2.tar.bz2#330448ce4403cc74990ac07c555942a1
https://conda.anaconda.org/conda-forge/linux-aarch64/pillow-9.5.0-py310hcf0f7da_0.conda#74c17dbe87db4844dff122047a140561
https://conda.anaconda.org/conda-forge/noarch/python-dateutil-2.8.2-pyhd8ed1ab_0.tar.bz2#dd999d1cc9f79e67dbb855c8924c7984
https://conda.anaconda.org/conda-forge/noarch/rfc3339-validator-0.1.4-pyhd8ed1ab_0.tar.bz2#fed45fc5ea0813240707998abe49f520
https://conda.anaconda.org/conda-forge/linux-aarch64/sqlalchemy-1.4.46-py310h734f5e8_0.conda#32614b2494eb7a1237069e376c527d5f
https://conda.anaconda.org/conda-forge/linux-aarch64/suitesparse-5.10.1-h1404dd6_1.tar.bz2#351565b22e92174d1c8040f8544cf618
https://conda.anaconda.org/conda-forge/noarch/terminado-0.17.1-pyhd1c38e8_0.conda#046120b71d8896cb7faef78bfdbfee1e
https://conda.anaconda.org/conda-forge/noarch/tinycss2-1.2.1-pyhd8ed1ab_0.tar.bz2#7234c9eefff659501cd2fe0d2ede4d48
https://conda.anaconda.org/conda-forge/noarch/tqdm-4.65.0-pyhd8ed1ab_1.conda#ed792aff3acb977d09c7013358097f83
https://conda.anaconda.org/conda-forge/noarch/typing-extensions-4.5.0-hd8ed1ab_0.conda#b3c594fde1a80a1fc3eb9cc4a5dfe392
https://conda.anaconda.org/conda-forge/noarch/aiosqlite-0.18.0-pyhd8ed1ab_0.conda#79465625fc906e2e24d37f31c2637754
https://conda.anaconda.org/conda-forge/linux-aarch64/argon2-cffi-bindings-21.2.0-py310h761cc84_3.tar.bz2#bba0e5198226ac75f17857b43483d054
https://conda.anaconda.org/conda-forge/linux-aarch64/brotlipy-0.7.0-py310h761cc84_1005.tar.bz2#66934993368d01f896652925d3ac7e66
https://conda.anaconda.org/conda-forge/linux-aarch64/cryptography-40.0.1-py310he4ba0b1_0.conda#ba0e59c3d8973392e4df0c6622d79f25
https://conda.anaconda.org/conda-forge/noarch/fenics-ffcx-0.6.0-pyh56297ac_0.conda#cf36f595191568ba5aac38dbeeb6298c
https://conda.anaconda.org/conda-forge/noarch/importlib_metadata-6.3.0-hd8ed1ab_0.conda#1dee0ac2ed01030b56bdd33eabebc42f
https://conda.anaconda.org/conda-forge/noarch/jsonschema-4.17.3-pyhd8ed1ab_0.conda#723268a468177cd44568eb8f794e0d80
https://conda.anaconda.org/conda-forge/noarch/jupyter_server_terminals-0.4.4-pyhd8ed1ab_1.conda#7c0965e1d4a0ee1529e8eaa03a78a5b3
https://conda.anaconda.org/conda-forge/linux-aarch64/libadios2-2.8.3-mpi_mpich_hbe1ae6c_5.conda#baf4dc7e66ff5f455efbe8ade14345c6
https://conda.anaconda.org/conda-forge/linux-aarch64/matplotlib-base-3.7.1-py310hc90fa2b_0.conda#bca368cc3ff0230f0ab9222325267848
https://conda.anaconda.org/conda-forge/noarch/mdit-py-plugins-0.3.5-pyhd8ed1ab_0.conda#9eeb66a24c8f6d950eb55a9f1128da20
https://conda.anaconda.org/conda-forge/linux-aarch64/pandas-2.0.0-py310hc3d6b01_0.conda#18979a4a0f95e777600f9749fb4eec63
https://conda.anaconda.org/conda-forge/linux-aarch64/petsc-3.17.4-real_h7ca85de_101.tar.bz2#34c63161a14aed379d1960d238245468
https://conda.anaconda.org/conda-forge/noarch/platformdirs-3.2.0-pyhd8ed1ab_0.conda#f10c2cf447ca96f12a326b83c75b8e33
https://conda.anaconda.org/conda-forge/noarch/pybtex-0.24.0-pyhd8ed1ab_2.tar.bz2#2099b86a7399c44c0c61cdb6de6915ba
https://conda.anaconda.org/conda-forge/noarch/stack_data-0.6.2-pyhd8ed1ab_0.conda#e7df0fdd404616638df5ece6e69ba7af
https://conda.anaconda.org/conda-forge/noarch/wcwidth-0.2.6-pyhd8ed1ab_0.conda#078979d33523cb477bd1916ce41aacc9
https://conda.anaconda.org/conda-forge/noarch/argon2-cffi-21.3.0-pyhd8ed1ab_0.tar.bz2#a0b402db58f73aaab8ee0ca1025a362e
https://conda.anaconda.org/conda-forge/linux-aarch64/jupyter_core-5.3.0-py310h4c7bcd0_0.conda#8275cc06efed4e909337d539de2e4251
https://conda.anaconda.org/conda-forge/noarch/jupyter_events-0.6.3-pyhd8ed1ab_0.conda#d98c5196ab6ffeb0c2feca2912801353
https://conda.anaconda.org/conda-forge/noarch/jupyter_ydoc-0.2.3-pyhd8ed1ab_0.conda#ad7409631cd81535b89b05e7c62e1e8f
https://conda.anaconda.org/conda-forge/linux-aarch64/petsc4py-3.17.4-real_h67458a6_101.tar.bz2#0217d3f1e0bc9163b0fe79a40878999a
https://conda.anaconda.org/conda-forge/noarch/prompt-toolkit-3.0.38-pyha770c72_0.conda#59ba1bf8ea558751a0d391249a248765
https://conda.anaconda.org/conda-forge/linux-aarch64/pybtex-docutils-1.0.2-py310h4c7bcd0_2.tar.bz2#3cd780fc02d88b0987659f3ff6f31ba6
https://conda.anaconda.org/conda-forge/noarch/pyopenssl-23.1.1-pyhd8ed1ab_0.conda#0b34aa3ab7e7ccb1765a03dd9ed29938
https://conda.anaconda.org/conda-forge/linux-aarch64/slepc-3.17.2-real_h44d4636_100.tar.bz2#4966b8d717f743f2e7eecb8983e5a6ab
https://conda.anaconda.org/conda-forge/noarch/ypy-websocket-0.8.2-pyhd8ed1ab_0.conda#5ee5ad3af20138020065985de57f0711
https://conda.anaconda.org/conda-forge/linux-aarch64/fenics-libdolfinx-0.6.0-hda37200_101.conda#4934ed5aac612d43c65c4f124e47deed
https://conda.anaconda.org/conda-forge/noarch/jupyter_client-8.1.0-pyhd8ed1ab_0.conda#ad497b55d36d20d4bbc6f95d8fb6eb6d
https://conda.anaconda.org/conda-forge/noarch/nbformat-5.8.0-pyhd8ed1ab_0.conda#1ca43103a08456b19222d93fd9d119ac
https://conda.anaconda.org/conda-forge/noarch/prompt_toolkit-3.0.38-hd8ed1ab_0.conda#45b74f64d8808eda7e6f6e6b1d641fd2
https://conda.anaconda.org/conda-forge/linux-aarch64/slepc4py-3.17.2-real_hb52d0a5_101.tar.bz2#48158c5554d243e1589f7a2ab310eb3b
https://conda.anaconda.org/conda-forge/noarch/urllib3-1.26.15-pyhd8ed1ab_0.conda#27db656619a55d727eaf5a6ece3d2fd6
https://conda.anaconda.org/conda-forge/linux-aarch64/fenics-dolfinx-0.6.0-py310hc27f5e7_101.conda#58a36da0d5a6cd891b76bfee1377bb20
https://conda.anaconda.org/conda-forge/noarch/ipython-8.12.0-pyhd1c38e8_0.conda#4b25de6cd2891e6bce87de8c5d85e27c
https://conda.anaconda.org/conda-forge/noarch/nbclient-0.5.13-pyhd8ed1ab_0.tar.bz2#3edde88a191701cf052216c4ba353a83
https://conda.anaconda.org/conda-forge/noarch/requests-2.28.2-pyhd8ed1ab_1.conda#3bfbd6ead1d7299ed46dab3a7bf0bc8c
https://conda.anaconda.org/conda-forge/noarch/ipykernel-6.22.0-pyh736e0ef_0.conda#3bbe4a71a9d5d8e13c1504e3cd077b32
https://conda.anaconda.org/conda-forge/noarch/jupyter-cache-0.5.0-pyhd8ed1ab_0.tar.bz2#293ede7de6b604f3586efbfa615ee2e1
https://conda.anaconda.org/conda-forge/noarch/nbconvert-core-7.3.1-pyhd8ed1ab_0.conda#1cd37f906fc423d6ebf6fd63c1a49290
https://conda.anaconda.org/conda-forge/noarch/sphinx-4.5.0-pyh6c4a22f_0.tar.bz2#46b38d88c4270ff9ba78a89c83c66345
https://conda.anaconda.org/conda-forge/noarch/ipyparallel-8.5.1-pyhd8ed1ab_0.conda#9aa087bb6681a0234534af5cc4b82242
https://conda.anaconda.org/conda-forge/noarch/ipywidgets-8.0.6-pyhd8ed1ab_0.conda#68627a08556e4a273e4c7bfc84251457
https://conda.anaconda.org/conda-forge/noarch/jupyter_server-2.5.0-pyhd8ed1ab_0.conda#7fa3bd3d8dee42934f63711e9fbe959a
https://conda.anaconda.org/conda-forge/noarch/myst-parser-0.18.1-pyhd8ed1ab_0.tar.bz2#bcfdf5c7d8bf5c6f6be7b4c66fff2eca
https://conda.anaconda.org/conda-forge/noarch/nbconvert-pandoc-7.3.1-pyhd8ed1ab_0.conda#28d58c9f73807af6cf19cab5d1d51b47
https://conda.anaconda.org/conda-forge/noarch/pydata-sphinx-theme-0.13.3-pyhd8ed1ab_0.conda#07aca5f2dea315dcc16680d6891e9056
https://conda.anaconda.org/conda-forge/noarch/sphinx-comments-0.0.3-pyh9f0ad1d_0.tar.bz2#2ae3ce35de0c1cec45c94182694f8d1b
https://conda.anaconda.org/conda-forge/noarch/sphinx-copybutton-0.5.1-pyhd8ed1ab_0.conda#d21ada5f548f3c8957e1fa7ec3cd7f5b
https://conda.anaconda.org/conda-forge/noarch/sphinx-design-0.3.0-pyhd8ed1ab_0.tar.bz2#83d1a712e6d2bab6b298b1d2f42ad355
https://conda.anaconda.org/conda-forge/noarch/sphinx-external-toc-0.3.1-pyhd8ed1ab_0.conda#561bdf7b598d38e2962c46557bd1da12
https://conda.anaconda.org/conda-forge/noarch/sphinx-jupyterbook-latex-0.5.2-pyhd8ed1ab_0.tar.bz2#88fc7863c8675f297b03e0ca50500b7f
https://conda.anaconda.org/conda-forge/noarch/sphinx-multitoc-numbering-0.1.3-pyhd8ed1ab_0.tar.bz2#40749a4d0f0d2e11c65fb26c1cd16a90
https://conda.anaconda.org/conda-forge/noarch/sphinx-thebe-0.2.1-pyhd8ed1ab_0.conda#8a4151bde2af98c6cbc42ee12b48eb7f
https://conda.anaconda.org/conda-forge/noarch/sphinx-togglebutton-0.3.2-pyhd8ed1ab_0.tar.bz2#382738101934261ea7931d1460e64868
https://conda.anaconda.org/conda-forge/noarch/sphinxcontrib-bibtex-2.5.0-pyhd8ed1ab_0.tar.bz2#b2e5c9aece936ebf9f26abdf71ddd74b
https://conda.anaconda.org/conda-forge/noarch/jupyter_server_fileid-0.9.0-pyhd8ed1ab_0.conda#a12525b037a703d7f4512da737d700e6
https://conda.anaconda.org/conda-forge/noarch/jupyterlab_server-2.22.0-pyhd8ed1ab_0.conda#9e2780151926e61ed169a2e87140f2c6
https://conda.anaconda.org/conda-forge/noarch/myst-nb-0.17.1-pyhd8ed1ab_0.tar.bz2#8a11a646076b72bcaa71328f07c1aaab
https://conda.anaconda.org/conda-forge/noarch/nbconvert-7.3.1-pyhd8ed1ab_0.conda#42131a78cf4826ee071afab7d29442ce
https://conda.anaconda.org/conda-forge/noarch/notebook-shim-0.2.2-pyhd8ed1ab_0.tar.bz2#40be846cd4e78672a40e43db9dae753c
https://conda.anaconda.org/conda-forge/noarch/sphinx-book-theme-1.0.1-pyhd8ed1ab_0.conda#1ef419576de2c51b6e3a5a393eb35cda
https://conda.anaconda.org/conda-forge/noarch/jupyter-book-0.15.1-pyhd8ed1ab_0.conda#f10d556d3b3dc0aeae6aee37c412ea60
https://conda.anaconda.org/conda-forge/noarch/jupyter_server_ydoc-0.8.0-pyhd8ed1ab_0.conda#780280d42fbcb2eaf654a6ba7a3e5bb5
https://conda.anaconda.org/conda-forge/noarch/nbclassic-0.5.5-pyhb4ecaf3_1.conda#a29d9080cb29c25b6a36c1d2f3da3ece
https://conda.anaconda.org/conda-forge/noarch/notebook-6.5.4-pyha770c72_0.conda#ec4ce3ce0a55ce21b6f5b86049b97af9
https://conda.anaconda.org/conda-forge/noarch/jupyterlab-3.6.3-pyhd8ed1ab_0.conda#c4baad1d227e93562154eb41588b2ea9
